// !$*UTF8*$!
{
	archiveVersion = 1;
	classes = {
	};
	objectVersion = 46;
	objects = {

/* Begin PBXBuildFile section */
		1D2E19071BC8E7C0002229EB /* String.swift in Sources */ = {isa = PBXBuildFile; fileRef = 1D2E19061BC8E7C0002229EB /* String.swift */; settings = {ASSET_TAGS = (); }; };
		1D2E19091BC8E97F002229EB /* Constant.swift in Sources */ = {isa = PBXBuildFile; fileRef = 1D2E19081BC8E97F002229EB /* Constant.swift */; settings = {ASSET_TAGS = (); }; };
		1D2E190B1BC8ECB1002229EB /* water.json in Resources */ = {isa = PBXBuildFile; fileRef = 1D2E190A1BC8ECB1002229EB /* water.json */; settings = {ASSET_TAGS = (); }; };
		1DCC1C921BC7A48300433859 /* LooperPhoto.swift in Sources */ = {isa = PBXBuildFile; fileRef = 1DCC1C901BC7A48300433859 /* LooperPhoto.swift */; settings = {ASSET_TAGS = (); }; };
		1DCC1C931BC7A48300433859 /* WaterFlowLayout.swift in Sources */ = {isa = PBXBuildFile; fileRef = 1DCC1C911BC7A48300433859 /* WaterFlowLayout.swift */; settings = {ASSET_TAGS = (); }; };
		1DCC1C951BC7A4AB00433859 /* AssetsLibrary.framework in Frameworks */ = {isa = PBXBuildFile; fileRef = 1DCC1C941BC7A4AB00433859 /* AssetsLibrary.framework */; };
		1DCC1C971BC7A53C00433859 /* LooperViewController.swift in Sources */ = {isa = PBXBuildFile; fileRef = 1DCC1C961BC7A53C00433859 /* LooperViewController.swift */; settings = {ASSET_TAGS = (); }; };
		1DCC1CC81BC7A57D00433859 /* MJRefreshAutoFooter.m in Sources */ = {isa = PBXBuildFile; fileRef = 1DCC1C9B1BC7A57D00433859 /* MJRefreshAutoFooter.m */; settings = {ASSET_TAGS = (); }; };
		1DCC1CC91BC7A57D00433859 /* MJRefreshBackFooter.m in Sources */ = {isa = PBXBuildFile; fileRef = 1DCC1C9D1BC7A57D00433859 /* MJRefreshBackFooter.m */; settings = {ASSET_TAGS = (); }; };
		1DCC1CCA1BC7A57D00433859 /* MJRefreshComponent.m in Sources */ = {isa = PBXBuildFile; fileRef = 1DCC1C9F1BC7A57D00433859 /* MJRefreshComponent.m */; settings = {ASSET_TAGS = (); }; };
		1DCC1CCB1BC7A57D00433859 /* MJRefreshFooter.m in Sources */ = {isa = PBXBuildFile; fileRef = 1DCC1CA11BC7A57D00433859 /* MJRefreshFooter.m */; settings = {ASSET_TAGS = (); }; };
		1DCC1CCC1BC7A57D00433859 /* MJRefreshHeader.m in Sources */ = {isa = PBXBuildFile; fileRef = 1DCC1CA31BC7A57D00433859 /* MJRefreshHeader.m */; settings = {ASSET_TAGS = (); }; };
		1DCC1CCD1BC7A57D00433859 /* MJRefreshAutoGifFooter.m in Sources */ = {isa = PBXBuildFile; fileRef = 1DCC1CA81BC7A57D00433859 /* MJRefreshAutoGifFooter.m */; settings = {ASSET_TAGS = (); }; };
		1DCC1CCE1BC7A57D00433859 /* MJRefreshAutoNormalFooter.m in Sources */ = {isa = PBXBuildFile; fileRef = 1DCC1CAA1BC7A57D00433859 /* MJRefreshAutoNormalFooter.m */; settings = {ASSET_TAGS = (); }; };
		1DCC1CCF1BC7A57D00433859 /* MJRefreshAutoStateFooter.m in Sources */ = {isa = PBXBuildFile; fileRef = 1DCC1CAC1BC7A57D00433859 /* MJRefreshAutoStateFooter.m */; settings = {ASSET_TAGS = (); }; };
		1DCC1CD01BC7A57D00433859 /* MJRefreshBackGifFooter.m in Sources */ = {isa = PBXBuildFile; fileRef = 1DCC1CAF1BC7A57D00433859 /* MJRefreshBackGifFooter.m */; settings = {ASSET_TAGS = (); }; };
		1DCC1CD11BC7A57D00433859 /* MJRefreshBackNormalFooter.m in Sources */ = {isa = PBXBuildFile; fileRef = 1DCC1CB11BC7A57D00433859 /* MJRefreshBackNormalFooter.m */; settings = {ASSET_TAGS = (); }; };
		1DCC1CD21BC7A57D00433859 /* MJRefreshBackStateFooter.m in Sources */ = {isa = PBXBuildFile; fileRef = 1DCC1CB31BC7A57D00433859 /* MJRefreshBackStateFooter.m */; settings = {ASSET_TAGS = (); }; };
		1DCC1CD31BC7A57D00433859 /* MJRefreshGifHeader.m in Sources */ = {isa = PBXBuildFile; fileRef = 1DCC1CB61BC7A57D00433859 /* MJRefreshGifHeader.m */; settings = {ASSET_TAGS = (); }; };
		1DCC1CD41BC7A57D00433859 /* MJRefreshNormalHeader.m in Sources */ = {isa = PBXBuildFile; fileRef = 1DCC1CB81BC7A57D00433859 /* MJRefreshNormalHeader.m */; settings = {ASSET_TAGS = (); }; };
		1DCC1CD51BC7A57D00433859 /* MJRefreshStateHeader.m in Sources */ = {isa = PBXBuildFile; fileRef = 1DCC1CBA1BC7A57D00433859 /* MJRefreshStateHeader.m */; settings = {ASSET_TAGS = (); }; };
		1DCC1CD61BC7A57D00433859 /* MJRefresh.bundle in Resources */ = {isa = PBXBuildFile; fileRef = 1DCC1CBB1BC7A57D00433859 /* MJRefresh.bundle */; settings = {ASSET_TAGS = (); }; };
		1DCC1CD71BC7A57D00433859 /* MJRefreshConst.m in Sources */ = {isa = PBXBuildFile; fileRef = 1DCC1CBE1BC7A57D00433859 /* MJRefreshConst.m */; settings = {ASSET_TAGS = (); }; };
		1DCC1CD81BC7A57D00433859 /* UIScrollView+MJExtension.m in Sources */ = {isa = PBXBuildFile; fileRef = 1DCC1CC01BC7A57D00433859 /* UIScrollView+MJExtension.m */; settings = {ASSET_TAGS = (); }; };
		1DCC1CD91BC7A57D00433859 /* UIScrollView+MJRefresh.m in Sources */ = {isa = PBXBuildFile; fileRef = 1DCC1CC21BC7A57D00433859 /* UIScrollView+MJRefresh.m */; settings = {ASSET_TAGS = (); }; };
		1DCC1CDA1BC7A57D00433859 /* UIView+MJExtension.m in Sources */ = {isa = PBXBuildFile; fileRef = 1DCC1CC41BC7A57D00433859 /* UIView+MJExtension.m */; settings = {ASSET_TAGS = (); }; };
		1DCC1CDB1BC7A57D00433859 /* SwiftyJSON.swift in Sources */ = {isa = PBXBuildFile; fileRef = 1DCC1CC71BC7A57D00433859 /* SwiftyJSON.swift */; settings = {ASSET_TAGS = (); }; };
		1DCC1CDE1BC7A5BD00433859 /* photo.json in Resources */ = {isa = PBXBuildFile; fileRef = 1DCC1CDD1BC7A5BD00433859 /* photo.json */; settings = {ASSET_TAGS = (); }; };
		1DCC1CE31BC7A7A500433859 /* WaterCollectionViewController.swift in Sources */ = {isa = PBXBuildFile; fileRef = 1DCC1CE21BC7A7A500433859 /* WaterCollectionViewController.swift */; settings = {ASSET_TAGS = (); }; };
		1DCC1CEA1BC7AB6900433859 /* WaterCollectionViewCell.swift in Sources */ = {isa = PBXBuildFile; fileRef = 1DCC1CE91BC7AB6900433859 /* WaterCollectionViewCell.swift */; settings = {ASSET_TAGS = (); }; };
		1DCC1CED1BC7B06600433859 /* WaterBaseModel.swift in Sources */ = {isa = PBXBuildFile; fileRef = 1DCC1CEC1BC7B06600433859 /* WaterBaseModel.swift */; settings = {ASSET_TAGS = (); }; };
		1DCC1CEF1BC7B39600433859 /* WaterModel.swift in Sources */ = {isa = PBXBuildFile; fileRef = 1DCC1CEE1BC7B39600433859 /* WaterModel.swift */; settings = {ASSET_TAGS = (); }; };
		60C7C51B1BC68C7B00D0A6AE /* AppDelegate.swift in Sources */ = {isa = PBXBuildFile; fileRef = 60C7C51A1BC68C7B00D0A6AE /* AppDelegate.swift */; };
		60C7C51D1BC68C7B00D0A6AE /* ViewController.swift in Sources */ = {isa = PBXBuildFile; fileRef = 60C7C51C1BC68C7B00D0A6AE /* ViewController.swift */; };
		60C7C5201BC68C7B00D0A6AE /* Main.storyboard in Resources */ = {isa = PBXBuildFile; fileRef = 60C7C51E1BC68C7B00D0A6AE /* Main.storyboard */; };
		60C7C5221BC68C7B00D0A6AE /* Assets.xcassets in Resources */ = {isa = PBXBuildFile; fileRef = 60C7C5211BC68C7B00D0A6AE /* Assets.xcassets */; };
		60C7C5251BC68C7B00D0A6AE /* LaunchScreen.storyboard in Resources */ = {isa = PBXBuildFile; fileRef = 60C7C5231BC68C7B00D0A6AE /* LaunchScreen.storyboard */; };
		60C7C5301BC68C7B00D0A6AE /* AppBannerViewTests.swift in Sources */ = {isa = PBXBuildFile; fileRef = 60C7C52F1BC68C7B00D0A6AE /* AppBannerViewTests.swift */; };
		60C7C53B1BC68C7B00D0A6AE /* AppBannerViewUITests.swift in Sources */ = {isa = PBXBuildFile; fileRef = 60C7C53A1BC68C7B00D0A6AE /* AppBannerViewUITests.swift */; };
		60C7C56B1BC68D7000D0A6AE /* MKAnnotationView+WebCache.m in Sources */ = {isa = PBXBuildFile; fileRef = 60C7C54B1BC68D7000D0A6AE /* MKAnnotationView+WebCache.m */; settings = {ASSET_TAGS = (); }; };
		60C7C56C1BC68D7000D0A6AE /* NSData+ImageContentType.m in Sources */ = {isa = PBXBuildFile; fileRef = 60C7C54D1BC68D7000D0A6AE /* NSData+ImageContentType.m */; settings = {ASSET_TAGS = (); }; };
		60C7C56D1BC68D7000D0A6AE /* SDImageCache.m in Sources */ = {isa = PBXBuildFile; fileRef = 60C7C54F1BC68D7000D0A6AE /* SDImageCache.m */; settings = {ASSET_TAGS = (); }; };
		60C7C56E1BC68D7000D0A6AE /* SDWebImageCompat.m in Sources */ = {isa = PBXBuildFile; fileRef = 60C7C5511BC68D7000D0A6AE /* SDWebImageCompat.m */; settings = {ASSET_TAGS = (); }; };
		60C7C56F1BC68D7000D0A6AE /* SDWebImageDecoder.m in Sources */ = {isa = PBXBuildFile; fileRef = 60C7C5531BC68D7000D0A6AE /* SDWebImageDecoder.m */; settings = {ASSET_TAGS = (); }; };
		60C7C5701BC68D7000D0A6AE /* SDWebImageDownloader.m in Sources */ = {isa = PBXBuildFile; fileRef = 60C7C5551BC68D7000D0A6AE /* SDWebImageDownloader.m */; settings = {ASSET_TAGS = (); }; };
		60C7C5711BC68D7000D0A6AE /* SDWebImageDownloaderOperation.m in Sources */ = {isa = PBXBuildFile; fileRef = 60C7C5571BC68D7000D0A6AE /* SDWebImageDownloaderOperation.m */; settings = {ASSET_TAGS = (); }; };
		60C7C5721BC68D7000D0A6AE /* SDWebImageManager.m in Sources */ = {isa = PBXBuildFile; fileRef = 60C7C5591BC68D7000D0A6AE /* SDWebImageManager.m */; settings = {ASSET_TAGS = (); }; };
		60C7C5731BC68D7000D0A6AE /* SDWebImagePrefetcher.m in Sources */ = {isa = PBXBuildFile; fileRef = 60C7C55C1BC68D7000D0A6AE /* SDWebImagePrefetcher.m */; settings = {ASSET_TAGS = (); }; };
		60C7C5741BC68D7000D0A6AE /* UIButton+WebCache.m in Sources */ = {isa = PBXBuildFile; fileRef = 60C7C55E1BC68D7000D0A6AE /* UIButton+WebCache.m */; settings = {ASSET_TAGS = (); }; };
		60C7C5751BC68D7000D0A6AE /* UIImage+GIF.m in Sources */ = {isa = PBXBuildFile; fileRef = 60C7C5601BC68D7000D0A6AE /* UIImage+GIF.m */; settings = {ASSET_TAGS = (); }; };
		60C7C5761BC68D7000D0A6AE /* UIImage+MultiFormat.m in Sources */ = {isa = PBXBuildFile; fileRef = 60C7C5621BC68D7000D0A6AE /* UIImage+MultiFormat.m */; settings = {ASSET_TAGS = (); }; };
		60C7C5771BC68D7000D0A6AE /* UIImage+WebP.m in Sources */ = {isa = PBXBuildFile; fileRef = 60C7C5641BC68D7000D0A6AE /* UIImage+WebP.m */; settings = {ASSET_TAGS = (); }; };
		60C7C5781BC68D7000D0A6AE /* UIImageView+HighlightedWebCache.m in Sources */ = {isa = PBXBuildFile; fileRef = 60C7C5661BC68D7000D0A6AE /* UIImageView+HighlightedWebCache.m */; settings = {ASSET_TAGS = (); }; };
		60C7C5791BC68D7000D0A6AE /* UIImageView+WebCache.m in Sources */ = {isa = PBXBuildFile; fileRef = 60C7C5681BC68D7000D0A6AE /* UIImageView+WebCache.m */; settings = {ASSET_TAGS = (); }; };
		60C7C57A1BC68D7000D0A6AE /* UIView+WebCacheOperation.m in Sources */ = {isa = PBXBuildFile; fileRef = 60C7C56A1BC68D7000D0A6AE /* UIView+WebCacheOperation.m */; settings = {ASSET_TAGS = (); }; };
		60C7C57D1BC68E1200D0A6AE /* AppBannerView.swift in Sources */ = {isa = PBXBuildFile; fileRef = 60C7C57C1BC68E1200D0A6AE /* AppBannerView.swift */; settings = {ASSET_TAGS = (); }; };
/* End PBXBuildFile section */

/* Begin PBXContainerItemProxy section */
		60C7C52C1BC68C7B00D0A6AE /* PBXContainerItemProxy */ = {
			isa = PBXContainerItemProxy;
			containerPortal = 60C7C50F1BC68C7B00D0A6AE /* Project object */;
			proxyType = 1;
			remoteGlobalIDString = 60C7C5161BC68C7B00D0A6AE;
			remoteInfo = AppBannerView;
		};
		60C7C5371BC68C7B00D0A6AE /* PBXContainerItemProxy */ = {
			isa = PBXContainerItemProxy;
			containerPortal = 60C7C50F1BC68C7B00D0A6AE /* Project object */;
			proxyType = 1;
			remoteGlobalIDString = 60C7C5161BC68C7B00D0A6AE;
			remoteInfo = AppBannerView;
		};
/* End PBXContainerItemProxy section */

/* Begin PBXFileReference section */
		1D2E19061BC8E7C0002229EB /* String.swift */ = {isa = PBXFileReference; fileEncoding = 4; lastKnownFileType = sourcecode.swift; path = String.swift; sourceTree = "<group>"; };
		1D2E19081BC8E97F002229EB /* Constant.swift */ = {isa = PBXFileReference; fileEncoding = 4; lastKnownFileType = sourcecode.swift; path = Constant.swift; sourceTree = "<group>"; };
		1D2E190A1BC8ECB1002229EB /* water.json */ = {isa = PBXFileReference; fileEncoding = 4; lastKnownFileType = text.json; path = water.json; sourceTree = "<group>"; };
		1DCC1C901BC7A48300433859 /* LooperPhoto.swift */ = {isa = PBXFileReference; fileEncoding = 4; lastKnownFileType = sourcecode.swift; path = LooperPhoto.swift; sourceTree = "<group>"; };
		1DCC1C911BC7A48300433859 /* WaterFlowLayout.swift */ = {isa = PBXFileReference; fileEncoding = 4; lastKnownFileType = sourcecode.swift; path = WaterFlowLayout.swift; sourceTree = "<group>"; };
		1DCC1C941BC7A4AB00433859 /* AssetsLibrary.framework */ = {isa = PBXFileReference; lastKnownFileType = wrapper.framework; name = AssetsLibrary.framework; path = System/Library/Frameworks/AssetsLibrary.framework; sourceTree = SDKROOT; };
		1DCC1C961BC7A53C00433859 /* LooperViewController.swift */ = {isa = PBXFileReference; fileEncoding = 4; lastKnownFileType = sourcecode.swift; path = LooperViewController.swift; sourceTree = "<group>"; };
		1DCC1C9A1BC7A57D00433859 /* MJRefreshAutoFooter.h */ = {isa = PBXFileReference; fileEncoding = 4; lastKnownFileType = sourcecode.c.h; path = MJRefreshAutoFooter.h; sourceTree = "<group>"; };
		1DCC1C9B1BC7A57D00433859 /* MJRefreshAutoFooter.m */ = {isa = PBXFileReference; fileEncoding = 4; lastKnownFileType = sourcecode.c.objc; path = MJRefreshAutoFooter.m; sourceTree = "<group>"; };
		1DCC1C9C1BC7A57D00433859 /* MJRefreshBackFooter.h */ = {isa = PBXFileReference; fileEncoding = 4; lastKnownFileType = sourcecode.c.h; path = MJRefreshBackFooter.h; sourceTree = "<group>"; };
		1DCC1C9D1BC7A57D00433859 /* MJRefreshBackFooter.m */ = {isa = PBXFileReference; fileEncoding = 4; lastKnownFileType = sourcecode.c.objc; path = MJRefreshBackFooter.m; sourceTree = "<group>"; };
		1DCC1C9E1BC7A57D00433859 /* MJRefreshComponent.h */ = {isa = PBXFileReference; fileEncoding = 4; lastKnownFileType = sourcecode.c.h; path = MJRefreshComponent.h; sourceTree = "<group>"; };
		1DCC1C9F1BC7A57D00433859 /* MJRefreshComponent.m */ = {isa = PBXFileReference; fileEncoding = 4; lastKnownFileType = sourcecode.c.objc; path = MJRefreshComponent.m; sourceTree = "<group>"; };
		1DCC1CA01BC7A57D00433859 /* MJRefreshFooter.h */ = {isa = PBXFileReference; fileEncoding = 4; lastKnownFileType = sourcecode.c.h; path = MJRefreshFooter.h; sourceTree = "<group>"; };
		1DCC1CA11BC7A57D00433859 /* MJRefreshFooter.m */ = {isa = PBXFileReference; fileEncoding = 4; lastKnownFileType = sourcecode.c.objc; path = MJRefreshFooter.m; sourceTree = "<group>"; };
		1DCC1CA21BC7A57D00433859 /* MJRefreshHeader.h */ = {isa = PBXFileReference; fileEncoding = 4; lastKnownFileType = sourcecode.c.h; path = MJRefreshHeader.h; sourceTree = "<group>"; };
		1DCC1CA31BC7A57D00433859 /* MJRefreshHeader.m */ = {isa = PBXFileReference; fileEncoding = 4; lastKnownFileType = sourcecode.c.objc; path = MJRefreshHeader.m; sourceTree = "<group>"; };
		1DCC1CA71BC7A57D00433859 /* MJRefreshAutoGifFooter.h */ = {isa = PBXFileReference; fileEncoding = 4; lastKnownFileType = sourcecode.c.h; path = MJRefreshAutoGifFooter.h; sourceTree = "<group>"; };
		1DCC1CA81BC7A57D00433859 /* MJRefreshAutoGifFooter.m */ = {isa = PBXFileReference; fileEncoding = 4; lastKnownFileType = sourcecode.c.objc; path = MJRefreshAutoGifFooter.m; sourceTree = "<group>"; };
		1DCC1CA91BC7A57D00433859 /* MJRefreshAutoNormalFooter.h */ = {isa = PBXFileReference; fileEncoding = 4; lastKnownFileType = sourcecode.c.h; path = MJRefreshAutoNormalFooter.h; sourceTree = "<group>"; };
		1DCC1CAA1BC7A57D00433859 /* MJRefreshAutoNormalFooter.m */ = {isa = PBXFileReference; fileEncoding = 4; lastKnownFileType = sourcecode.c.objc; path = MJRefreshAutoNormalFooter.m; sourceTree = "<group>"; };
		1DCC1CAB1BC7A57D00433859 /* MJRefreshAutoStateFooter.h */ = {isa = PBXFileReference; fileEncoding = 4; lastKnownFileType = sourcecode.c.h; path = MJRefreshAutoStateFooter.h; sourceTree = "<group>"; };
		1DCC1CAC1BC7A57D00433859 /* MJRefreshAutoStateFooter.m */ = {isa = PBXFileReference; fileEncoding = 4; lastKnownFileType = sourcecode.c.objc; path = MJRefreshAutoStateFooter.m; sourceTree = "<group>"; };
		1DCC1CAE1BC7A57D00433859 /* MJRefreshBackGifFooter.h */ = {isa = PBXFileReference; fileEncoding = 4; lastKnownFileType = sourcecode.c.h; path = MJRefreshBackGifFooter.h; sourceTree = "<group>"; };
		1DCC1CAF1BC7A57D00433859 /* MJRefreshBackGifFooter.m */ = {isa = PBXFileReference; fileEncoding = 4; lastKnownFileType = sourcecode.c.objc; path = MJRefreshBackGifFooter.m; sourceTree = "<group>"; };
		1DCC1CB01BC7A57D00433859 /* MJRefreshBackNormalFooter.h */ = {isa = PBXFileReference; fileEncoding = 4; lastKnownFileType = sourcecode.c.h; path = MJRefreshBackNormalFooter.h; sourceTree = "<group>"; };
		1DCC1CB11BC7A57D00433859 /* MJRefreshBackNormalFooter.m */ = {isa = PBXFileReference; fileEncoding = 4; lastKnownFileType = sourcecode.c.objc; path = MJRefreshBackNormalFooter.m; sourceTree = "<group>"; };
		1DCC1CB21BC7A57D00433859 /* MJRefreshBackStateFooter.h */ = {isa = PBXFileReference; fileEncoding = 4; lastKnownFileType = sourcecode.c.h; path = MJRefreshBackStateFooter.h; sourceTree = "<group>"; };
		1DCC1CB31BC7A57D00433859 /* MJRefreshBackStateFooter.m */ = {isa = PBXFileReference; fileEncoding = 4; lastKnownFileType = sourcecode.c.objc; path = MJRefreshBackStateFooter.m; sourceTree = "<group>"; };
		1DCC1CB51BC7A57D00433859 /* MJRefreshGifHeader.h */ = {isa = PBXFileReference; fileEncoding = 4; lastKnownFileType = sourcecode.c.h; path = MJRefreshGifHeader.h; sourceTree = "<group>"; };
		1DCC1CB61BC7A57D00433859 /* MJRefreshGifHeader.m */ = {isa = PBXFileReference; fileEncoding = 4; lastKnownFileType = sourcecode.c.objc; path = MJRefreshGifHeader.m; sourceTree = "<group>"; };
		1DCC1CB71BC7A57D00433859 /* MJRefreshNormalHeader.h */ = {isa = PBXFileReference; fileEncoding = 4; lastKnownFileType = sourcecode.c.h; path = MJRefreshNormalHeader.h; sourceTree = "<group>"; };
		1DCC1CB81BC7A57D00433859 /* MJRefreshNormalHeader.m */ = {isa = PBXFileReference; fileEncoding = 4; lastKnownFileType = sourcecode.c.objc; path = MJRefreshNormalHeader.m; sourceTree = "<group>"; };
		1DCC1CB91BC7A57D00433859 /* MJRefreshStateHeader.h */ = {isa = PBXFileReference; fileEncoding = 4; lastKnownFileType = sourcecode.c.h; path = MJRefreshStateHeader.h; sourceTree = "<group>"; };
		1DCC1CBA1BC7A57D00433859 /* MJRefreshStateHeader.m */ = {isa = PBXFileReference; fileEncoding = 4; lastKnownFileType = sourcecode.c.objc; path = MJRefreshStateHeader.m; sourceTree = "<group>"; };
		1DCC1CBB1BC7A57D00433859 /* MJRefresh.bundle */ = {isa = PBXFileReference; lastKnownFileType = "wrapper.plug-in"; path = MJRefresh.bundle; sourceTree = "<group>"; };
		1DCC1CBC1BC7A57D00433859 /* MJRefresh.h */ = {isa = PBXFileReference; fileEncoding = 4; lastKnownFileType = sourcecode.c.h; path = MJRefresh.h; sourceTree = "<group>"; };
		1DCC1CBD1BC7A57D00433859 /* MJRefreshConst.h */ = {isa = PBXFileReference; fileEncoding = 4; lastKnownFileType = sourcecode.c.h; path = MJRefreshConst.h; sourceTree = "<group>"; };
		1DCC1CBE1BC7A57D00433859 /* MJRefreshConst.m */ = {isa = PBXFileReference; fileEncoding = 4; lastKnownFileType = sourcecode.c.objc; path = MJRefreshConst.m; sourceTree = "<group>"; };
		1DCC1CBF1BC7A57D00433859 /* UIScrollView+MJExtension.h */ = {isa = PBXFileReference; fileEncoding = 4; lastKnownFileType = sourcecode.c.h; path = "UIScrollView+MJExtension.h"; sourceTree = "<group>"; };
		1DCC1CC01BC7A57D00433859 /* UIScrollView+MJExtension.m */ = {isa = PBXFileReference; fileEncoding = 4; lastKnownFileType = sourcecode.c.objc; path = "UIScrollView+MJExtension.m"; sourceTree = "<group>"; };
		1DCC1CC11BC7A57D00433859 /* UIScrollView+MJRefresh.h */ = {isa = PBXFileReference; fileEncoding = 4; lastKnownFileType = sourcecode.c.h; path = "UIScrollView+MJRefresh.h"; sourceTree = "<group>"; };
		1DCC1CC21BC7A57D00433859 /* UIScrollView+MJRefresh.m */ = {isa = PBXFileReference; fileEncoding = 4; lastKnownFileType = sourcecode.c.objc; path = "UIScrollView+MJRefresh.m"; sourceTree = "<group>"; };
		1DCC1CC31BC7A57D00433859 /* UIView+MJExtension.h */ = {isa = PBXFileReference; fileEncoding = 4; lastKnownFileType = sourcecode.c.h; path = "UIView+MJExtension.h"; sourceTree = "<group>"; };
		1DCC1CC41BC7A57D00433859 /* UIView+MJExtension.m */ = {isa = PBXFileReference; fileEncoding = 4; lastKnownFileType = sourcecode.c.objc; path = "UIView+MJExtension.m"; sourceTree = "<group>"; };
		1DCC1CC61BC7A57D00433859 /* SwiftyJSON.h */ = {isa = PBXFileReference; fileEncoding = 4; lastKnownFileType = sourcecode.c.h; path = SwiftyJSON.h; sourceTree = "<group>"; };
		1DCC1CC71BC7A57D00433859 /* SwiftyJSON.swift */ = {isa = PBXFileReference; fileEncoding = 4; lastKnownFileType = sourcecode.swift; path = SwiftyJSON.swift; sourceTree = "<group>"; };
		1DCC1CDD1BC7A5BD00433859 /* photo.json */ = {isa = PBXFileReference; fileEncoding = 4; lastKnownFileType = text.json; path = photo.json; sourceTree = "<group>"; };
		1DCC1CE21BC7A7A500433859 /* WaterCollectionViewController.swift */ = {isa = PBXFileReference; fileEncoding = 4; lastKnownFileType = sourcecode.swift; path = WaterCollectionViewController.swift; sourceTree = "<group>"; };
		1DCC1CE91BC7AB6900433859 /* WaterCollectionViewCell.swift */ = {isa = PBXFileReference; fileEncoding = 4; lastKnownFileType = sourcecode.swift; path = WaterCollectionViewCell.swift; sourceTree = "<group>"; };
		1DCC1CEC1BC7B06600433859 /* WaterBaseModel.swift */ = {isa = PBXFileReference; fileEncoding = 4; lastKnownFileType = sourcecode.swift; path = WaterBaseModel.swift; sourceTree = "<group>"; };
		1DCC1CEE1BC7B39600433859 /* WaterModel.swift */ = {isa = PBXFileReference; fileEncoding = 4; lastKnownFileType = sourcecode.swift; path = WaterModel.swift; sourceTree = "<group>"; };
		60C7C5171BC68C7B00D0A6AE /* AppBannerView.app */ = {isa = PBXFileReference; explicitFileType = wrapper.application; includeInIndex = 0; path = AppBannerView.app; sourceTree = BUILT_PRODUCTS_DIR; };
		60C7C51A1BC68C7B00D0A6AE /* AppDelegate.swift */ = {isa = PBXFileReference; lastKnownFileType = sourcecode.swift; path = AppDelegate.swift; sourceTree = "<group>"; };
		60C7C51C1BC68C7B00D0A6AE /* ViewController.swift */ = {isa = PBXFileReference; lastKnownFileType = sourcecode.swift; path = ViewController.swift; sourceTree = "<group>"; };
		60C7C51F1BC68C7B00D0A6AE /* Base */ = {isa = PBXFileReference; lastKnownFileType = file.storyboard; name = Base; path = Base.lproj/Main.storyboard; sourceTree = "<group>"; };
		60C7C5211BC68C7B00D0A6AE /* Assets.xcassets */ = {isa = PBXFileReference; lastKnownFileType = folder.assetcatalog; path = Assets.xcassets; sourceTree = "<group>"; };
		60C7C5241BC68C7B00D0A6AE /* Base */ = {isa = PBXFileReference; lastKnownFileType = file.storyboard; name = Base; path = Base.lproj/LaunchScreen.storyboard; sourceTree = "<group>"; };
		60C7C5261BC68C7B00D0A6AE /* Info.plist */ = {isa = PBXFileReference; lastKnownFileType = text.plist.xml; path = Info.plist; sourceTree = "<group>"; };
		60C7C52B1BC68C7B00D0A6AE /* AppBannerViewTests.xctest */ = {isa = PBXFileReference; explicitFileType = wrapper.cfbundle; includeInIndex = 0; path = AppBannerViewTests.xctest; sourceTree = BUILT_PRODUCTS_DIR; };
		60C7C52F1BC68C7B00D0A6AE /* AppBannerViewTests.swift */ = {isa = PBXFileReference; lastKnownFileType = sourcecode.swift; path = AppBannerViewTests.swift; sourceTree = "<group>"; };
		60C7C5311BC68C7B00D0A6AE /* Info.plist */ = {isa = PBXFileReference; lastKnownFileType = text.plist.xml; path = Info.plist; sourceTree = "<group>"; };
		60C7C5361BC68C7B00D0A6AE /* AppBannerViewUITests.xctest */ = {isa = PBXFileReference; explicitFileType = wrapper.cfbundle; includeInIndex = 0; path = AppBannerViewUITests.xctest; sourceTree = BUILT_PRODUCTS_DIR; };
		60C7C53A1BC68C7B00D0A6AE /* AppBannerViewUITests.swift */ = {isa = PBXFileReference; lastKnownFileType = sourcecode.swift; path = AppBannerViewUITests.swift; sourceTree = "<group>"; };
		60C7C53C1BC68C7B00D0A6AE /* Info.plist */ = {isa = PBXFileReference; lastKnownFileType = text.plist.xml; path = Info.plist; sourceTree = "<group>"; };
		60C7C54A1BC68D7000D0A6AE /* MKAnnotationView+WebCache.h */ = {isa = PBXFileReference; fileEncoding = 4; lastKnownFileType = sourcecode.c.h; path = "MKAnnotationView+WebCache.h"; sourceTree = "<group>"; };
		60C7C54B1BC68D7000D0A6AE /* MKAnnotationView+WebCache.m */ = {isa = PBXFileReference; fileEncoding = 4; lastKnownFileType = sourcecode.c.objc; path = "MKAnnotationView+WebCache.m"; sourceTree = "<group>"; };
		60C7C54C1BC68D7000D0A6AE /* NSData+ImageContentType.h */ = {isa = PBXFileReference; fileEncoding = 4; lastKnownFileType = sourcecode.c.h; path = "NSData+ImageContentType.h"; sourceTree = "<group>"; };
		60C7C54D1BC68D7000D0A6AE /* NSData+ImageContentType.m */ = {isa = PBXFileReference; fileEncoding = 4; lastKnownFileType = sourcecode.c.objc; path = "NSData+ImageContentType.m"; sourceTree = "<group>"; };
		60C7C54E1BC68D7000D0A6AE /* SDImageCache.h */ = {isa = PBXFileReference; fileEncoding = 4; lastKnownFileType = sourcecode.c.h; path = SDImageCache.h; sourceTree = "<group>"; };
		60C7C54F1BC68D7000D0A6AE /* SDImageCache.m */ = {isa = PBXFileReference; fileEncoding = 4; lastKnownFileType = sourcecode.c.objc; path = SDImageCache.m; sourceTree = "<group>"; };
		60C7C5501BC68D7000D0A6AE /* SDWebImageCompat.h */ = {isa = PBXFileReference; fileEncoding = 4; lastKnownFileType = sourcecode.c.h; path = SDWebImageCompat.h; sourceTree = "<group>"; };
		60C7C5511BC68D7000D0A6AE /* SDWebImageCompat.m */ = {isa = PBXFileReference; fileEncoding = 4; lastKnownFileType = sourcecode.c.objc; path = SDWebImageCompat.m; sourceTree = "<group>"; };
		60C7C5521BC68D7000D0A6AE /* SDWebImageDecoder.h */ = {isa = PBXFileReference; fileEncoding = 4; lastKnownFileType = sourcecode.c.h; path = SDWebImageDecoder.h; sourceTree = "<group>"; };
		60C7C5531BC68D7000D0A6AE /* SDWebImageDecoder.m */ = {isa = PBXFileReference; fileEncoding = 4; lastKnownFileType = sourcecode.c.objc; path = SDWebImageDecoder.m; sourceTree = "<group>"; };
		60C7C5541BC68D7000D0A6AE /* SDWebImageDownloader.h */ = {isa = PBXFileReference; fileEncoding = 4; lastKnownFileType = sourcecode.c.h; path = SDWebImageDownloader.h; sourceTree = "<group>"; };
		60C7C5551BC68D7000D0A6AE /* SDWebImageDownloader.m */ = {isa = PBXFileReference; fileEncoding = 4; lastKnownFileType = sourcecode.c.objc; path = SDWebImageDownloader.m; sourceTree = "<group>"; };
		60C7C5561BC68D7000D0A6AE /* SDWebImageDownloaderOperation.h */ = {isa = PBXFileReference; fileEncoding = 4; lastKnownFileType = sourcecode.c.h; path = SDWebImageDownloaderOperation.h; sourceTree = "<group>"; };
		60C7C5571BC68D7000D0A6AE /* SDWebImageDownloaderOperation.m */ = {isa = PBXFileReference; fileEncoding = 4; lastKnownFileType = sourcecode.c.objc; path = SDWebImageDownloaderOperation.m; sourceTree = "<group>"; };
		60C7C5581BC68D7000D0A6AE /* SDWebImageManager.h */ = {isa = PBXFileReference; fileEncoding = 4; lastKnownFileType = sourcecode.c.h; path = SDWebImageManager.h; sourceTree = "<group>"; };
		60C7C5591BC68D7000D0A6AE /* SDWebImageManager.m */ = {isa = PBXFileReference; fileEncoding = 4; lastKnownFileType = sourcecode.c.objc; path = SDWebImageManager.m; sourceTree = "<group>"; };
		60C7C55A1BC68D7000D0A6AE /* SDWebImageOperation.h */ = {isa = PBXFileReference; fileEncoding = 4; lastKnownFileType = sourcecode.c.h; path = SDWebImageOperation.h; sourceTree = "<group>"; };
		60C7C55B1BC68D7000D0A6AE /* SDWebImagePrefetcher.h */ = {isa = PBXFileReference; fileEncoding = 4; lastKnownFileType = sourcecode.c.h; path = SDWebImagePrefetcher.h; sourceTree = "<group>"; };
		60C7C55C1BC68D7000D0A6AE /* SDWebImagePrefetcher.m */ = {isa = PBXFileReference; fileEncoding = 4; lastKnownFileType = sourcecode.c.objc; path = SDWebImagePrefetcher.m; sourceTree = "<group>"; };
		60C7C55D1BC68D7000D0A6AE /* UIButton+WebCache.h */ = {isa = PBXFileReference; fileEncoding = 4; lastKnownFileType = sourcecode.c.h; path = "UIButton+WebCache.h"; sourceTree = "<group>"; };
		60C7C55E1BC68D7000D0A6AE /* UIButton+WebCache.m */ = {isa = PBXFileReference; fileEncoding = 4; lastKnownFileType = sourcecode.c.objc; path = "UIButton+WebCache.m"; sourceTree = "<group>"; };
		60C7C55F1BC68D7000D0A6AE /* UIImage+GIF.h */ = {isa = PBXFileReference; fileEncoding = 4; lastKnownFileType = sourcecode.c.h; path = "UIImage+GIF.h"; sourceTree = "<group>"; };
		60C7C5601BC68D7000D0A6AE /* UIImage+GIF.m */ = {isa = PBXFileReference; fileEncoding = 4; lastKnownFileType = sourcecode.c.objc; path = "UIImage+GIF.m"; sourceTree = "<group>"; };
		60C7C5611BC68D7000D0A6AE /* UIImage+MultiFormat.h */ = {isa = PBXFileReference; fileEncoding = 4; lastKnownFileType = sourcecode.c.h; path = "UIImage+MultiFormat.h"; sourceTree = "<group>"; };
		60C7C5621BC68D7000D0A6AE /* UIImage+MultiFormat.m */ = {isa = PBXFileReference; fileEncoding = 4; lastKnownFileType = sourcecode.c.objc; path = "UIImage+MultiFormat.m"; sourceTree = "<group>"; };
		60C7C5631BC68D7000D0A6AE /* UIImage+WebP.h */ = {isa = PBXFileReference; fileEncoding = 4; lastKnownFileType = sourcecode.c.h; path = "UIImage+WebP.h"; sourceTree = "<group>"; };
		60C7C5641BC68D7000D0A6AE /* UIImage+WebP.m */ = {isa = PBXFileReference; fileEncoding = 4; lastKnownFileType = sourcecode.c.objc; path = "UIImage+WebP.m"; sourceTree = "<group>"; };
		60C7C5651BC68D7000D0A6AE /* UIImageView+HighlightedWebCache.h */ = {isa = PBXFileReference; fileEncoding = 4; lastKnownFileType = sourcecode.c.h; path = "UIImageView+HighlightedWebCache.h"; sourceTree = "<group>"; };
		60C7C5661BC68D7000D0A6AE /* UIImageView+HighlightedWebCache.m */ = {isa = PBXFileReference; fileEncoding = 4; lastKnownFileType = sourcecode.c.objc; path = "UIImageView+HighlightedWebCache.m"; sourceTree = "<group>"; };
		60C7C5671BC68D7000D0A6AE /* UIImageView+WebCache.h */ = {isa = PBXFileReference; fileEncoding = 4; lastKnownFileType = sourcecode.c.h; path = "UIImageView+WebCache.h"; sourceTree = "<group>"; };
		60C7C5681BC68D7000D0A6AE /* UIImageView+WebCache.m */ = {isa = PBXFileReference; fileEncoding = 4; lastKnownFileType = sourcecode.c.objc; path = "UIImageView+WebCache.m"; sourceTree = "<group>"; };
		60C7C5691BC68D7000D0A6AE /* UIView+WebCacheOperation.h */ = {isa = PBXFileReference; fileEncoding = 4; lastKnownFileType = sourcecode.c.h; path = "UIView+WebCacheOperation.h"; sourceTree = "<group>"; };
		60C7C56A1BC68D7000D0A6AE /* UIView+WebCacheOperation.m */ = {isa = PBXFileReference; fileEncoding = 4; lastKnownFileType = sourcecode.c.objc; path = "UIView+WebCacheOperation.m"; sourceTree = "<group>"; };
		60C7C57B1BC68DA100D0A6AE /* app-bridging-header.h */ = {isa = PBXFileReference; lastKnownFileType = sourcecode.c.h; path = "app-bridging-header.h"; sourceTree = "<group>"; };
		60C7C57C1BC68E1200D0A6AE /* AppBannerView.swift */ = {isa = PBXFileReference; fileEncoding = 4; lastKnownFileType = sourcecode.swift; path = AppBannerView.swift; sourceTree = "<group>"; };
/* End PBXFileReference section */

/* Begin PBXFrameworksBuildPhase section */
		60C7C5141BC68C7B00D0A6AE /* Frameworks */ = {
			isa = PBXFrameworksBuildPhase;
			buildActionMask = 2147483647;
			files = (
				1DCC1C951BC7A4AB00433859 /* AssetsLibrary.framework in Frameworks */,
			);
			runOnlyForDeploymentPostprocessing = 0;
		};
		60C7C5281BC68C7B00D0A6AE /* Frameworks */ = {
			isa = PBXFrameworksBuildPhase;
			buildActionMask = 2147483647;
			files = (
			);
			runOnlyForDeploymentPostprocessing = 0;
		};
		60C7C5331BC68C7B00D0A6AE /* Frameworks */ = {
			isa = PBXFrameworksBuildPhase;
			buildActionMask = 2147483647;
			files = (
			);
			runOnlyForDeploymentPostprocessing = 0;
		};
/* End PBXFrameworksBuildPhase section */

/* Begin PBXGroup section */
		1DCC1C981BC7A57D00433859 /* MJRefresh */ = {
			isa = PBXGroup;
			children = (
				1DCC1CC11BC7A57D00433859 /* UIScrollView+MJRefresh.h */,
				1DCC1C991BC7A57D00433859 /* Base */,
				1DCC1CA41BC7A57D00433859 /* Custom */,
				1DCC1CBB1BC7A57D00433859 /* MJRefresh.bundle */,
				1DCC1CBC1BC7A57D00433859 /* MJRefresh.h */,
				1DCC1CBD1BC7A57D00433859 /* MJRefreshConst.h */,
				1DCC1CBE1BC7A57D00433859 /* MJRefreshConst.m */,
				1DCC1CBF1BC7A57D00433859 /* UIScrollView+MJExtension.h */,
				1DCC1CC01BC7A57D00433859 /* UIScrollView+MJExtension.m */,
				1DCC1CC21BC7A57D00433859 /* UIScrollView+MJRefresh.m */,
				1DCC1CC31BC7A57D00433859 /* UIView+MJExtension.h */,
				1DCC1CC41BC7A57D00433859 /* UIView+MJExtension.m */,
			);
			path = MJRefresh;
			sourceTree = "<group>";
		};
		1DCC1C991BC7A57D00433859 /* Base */ = {
			isa = PBXGroup;
			children = (
				1DCC1C9A1BC7A57D00433859 /* MJRefreshAutoFooter.h */,
				1DCC1C9B1BC7A57D00433859 /* MJRefreshAutoFooter.m */,
				1DCC1C9C1BC7A57D00433859 /* MJRefreshBackFooter.h */,
				1DCC1C9D1BC7A57D00433859 /* MJRefreshBackFooter.m */,
				1DCC1C9E1BC7A57D00433859 /* MJRefreshComponent.h */,
				1DCC1C9F1BC7A57D00433859 /* MJRefreshComponent.m */,
				1DCC1CA01BC7A57D00433859 /* MJRefreshFooter.h */,
				1DCC1CA11BC7A57D00433859 /* MJRefreshFooter.m */,
				1DCC1CA21BC7A57D00433859 /* MJRefreshHeader.h */,
				1DCC1CA31BC7A57D00433859 /* MJRefreshHeader.m */,
			);
			path = Base;
			sourceTree = "<group>";
		};
		1DCC1CA41BC7A57D00433859 /* Custom */ = {
			isa = PBXGroup;
			children = (
				1DCC1CA51BC7A57D00433859 /* Footer */,
				1DCC1CB41BC7A57D00433859 /* Header */,
			);
			path = Custom;
			sourceTree = "<group>";
		};
		1DCC1CA51BC7A57D00433859 /* Footer */ = {
			isa = PBXGroup;
			children = (
				1DCC1CA61BC7A57D00433859 /* Auto */,
				1DCC1CAD1BC7A57D00433859 /* Back */,
			);
			path = Footer;
			sourceTree = "<group>";
		};
		1DCC1CA61BC7A57D00433859 /* Auto */ = {
			isa = PBXGroup;
			children = (
				1DCC1CA71BC7A57D00433859 /* MJRefreshAutoGifFooter.h */,
				1DCC1CA81BC7A57D00433859 /* MJRefreshAutoGifFooter.m */,
				1DCC1CA91BC7A57D00433859 /* MJRefreshAutoNormalFooter.h */,
				1DCC1CAA1BC7A57D00433859 /* MJRefreshAutoNormalFooter.m */,
				1DCC1CAB1BC7A57D00433859 /* MJRefreshAutoStateFooter.h */,
				1DCC1CAC1BC7A57D00433859 /* MJRefreshAutoStateFooter.m */,
			);
			path = Auto;
			sourceTree = "<group>";
		};
		1DCC1CAD1BC7A57D00433859 /* Back */ = {
			isa = PBXGroup;
			children = (
				1DCC1CAE1BC7A57D00433859 /* MJRefreshBackGifFooter.h */,
				1DCC1CAF1BC7A57D00433859 /* MJRefreshBackGifFooter.m */,
				1DCC1CB01BC7A57D00433859 /* MJRefreshBackNormalFooter.h */,
				1DCC1CB11BC7A57D00433859 /* MJRefreshBackNormalFooter.m */,
				1DCC1CB21BC7A57D00433859 /* MJRefreshBackStateFooter.h */,
				1DCC1CB31BC7A57D00433859 /* MJRefreshBackStateFooter.m */,
			);
			path = Back;
			sourceTree = "<group>";
		};
		1DCC1CB41BC7A57D00433859 /* Header */ = {
			isa = PBXGroup;
			children = (
				1DCC1CB51BC7A57D00433859 /* MJRefreshGifHeader.h */,
				1DCC1CB61BC7A57D00433859 /* MJRefreshGifHeader.m */,
				1DCC1CB71BC7A57D00433859 /* MJRefreshNormalHeader.h */,
				1DCC1CB81BC7A57D00433859 /* MJRefreshNormalHeader.m */,
				1DCC1CB91BC7A57D00433859 /* MJRefreshStateHeader.h */,
				1DCC1CBA1BC7A57D00433859 /* MJRefreshStateHeader.m */,
			);
			path = Header;
			sourceTree = "<group>";
		};
		1DCC1CC51BC7A57D00433859 /* SwiftyJSON */ = {
			isa = PBXGroup;
			children = (
				1DCC1CC61BC7A57D00433859 /* SwiftyJSON.h */,
				1DCC1CC71BC7A57D00433859 /* SwiftyJSON.swift */,
			);
			path = SwiftyJSON;
			sourceTree = "<group>";
		};
		1DCC1CDC1BC7A58F00433859 /* Resource */ = {
			isa = PBXGroup;
			children = (
				1DCC1CDD1BC7A5BD00433859 /* photo.json */,
				1D2E190A1BC8ECB1002229EB /* water.json */,
			);
			name = Resource;
			sourceTree = "<group>";
		};
		1DCC1CDF1BC7A71700433859 /* widget */ = {
			isa = PBXGroup;
			children = (
				60C7C57C1BC68E1200D0A6AE /* AppBannerView.swift */,
				1DCC1C911BC7A48300433859 /* WaterFlowLayout.swift */,
				1DCC1C901BC7A48300433859 /* LooperPhoto.swift */,
			);
			name = widget;
			sourceTree = "<group>";
		};
		1DCC1CE01BC7A72E00433859 /* viewController */ = {
			isa = PBXGroup;
			children = (
				60C7C51C1BC68C7B00D0A6AE /* ViewController.swift */,
				1DCC1C961BC7A53C00433859 /* LooperViewController.swift */,
				1DCC1CE21BC7A7A500433859 /* WaterCollectionViewController.swift */,
			);
			name = viewController;
			sourceTree = "<group>";
		};
		1DCC1CE11BC7A74400433859 /* storybord */ = {
			isa = PBXGroup;
			children = (
				60C7C5231BC68C7B00D0A6AE /* LaunchScreen.storyboard */,
				60C7C51E1BC68C7B00D0A6AE /* Main.storyboard */,
			);
			name = storybord;
			sourceTree = "<group>";
		};
		1DCC1CE61BC7AAF600433859 /* cell */ = {
			isa = PBXGroup;
			children = (
				1DCC1CE91BC7AB6900433859 /* WaterCollectionViewCell.swift */,
			);
			name = cell;
			sourceTree = "<group>";
		};
		1DCC1CEB1BC7B04200433859 /* model */ = {
			isa = PBXGroup;
			children = (
				1DCC1CEC1BC7B06600433859 /* WaterBaseModel.swift */,
				1DCC1CEE1BC7B39600433859 /* WaterModel.swift */,
				1D2E19061BC8E7C0002229EB /* String.swift */,
			);
			name = model;
			sourceTree = "<group>";
		};
		60C7C50E1BC68C7B00D0A6AE = {
			isa = PBXGroup;
			children = (
				1DCC1CDC1BC7A58F00433859 /* Resource */,
				1DCC1C941BC7A4AB00433859 /* AssetsLibrary.framework */,
				60C7C5481BC68D0C00D0A6AE /* Framework */,
				60C7C5191BC68C7B00D0A6AE /* AppBannerView */,
				60C7C52E1BC68C7B00D0A6AE /* AppBannerViewTests */,
				60C7C5391BC68C7B00D0A6AE /* AppBannerViewUITests */,
				60C7C5181BC68C7B00D0A6AE /* Products */,
			);
			sourceTree = "<group>";
		};
		60C7C5181BC68C7B00D0A6AE /* Products */ = {
			isa = PBXGroup;
			children = (
				60C7C5171BC68C7B00D0A6AE /* AppBannerView.app */,
				60C7C52B1BC68C7B00D0A6AE /* AppBannerViewTests.xctest */,
				60C7C5361BC68C7B00D0A6AE /* AppBannerViewUITests.xctest */,
			);
			name = Products;
			sourceTree = "<group>";
		};
		60C7C5191BC68C7B00D0A6AE /* AppBannerView */ = {
			isa = PBXGroup;
			children = (
				1DCC1CEB1BC7B04200433859 /* model */,
				1DCC1CE61BC7AAF600433859 /* cell */,
				1DCC1CE11BC7A74400433859 /* storybord */,
				1DCC1CE01BC7A72E00433859 /* viewController */,
				1DCC1CDF1BC7A71700433859 /* widget */,
				60C7C51A1BC68C7B00D0A6AE /* AppDelegate.swift */,
				60C7C5211BC68C7B00D0A6AE /* Assets.xcassets */,
				60C7C5261BC68C7B00D0A6AE /* Info.plist */,
				60C7C57B1BC68DA100D0A6AE /* app-bridging-header.h */,
				1D2E19081BC8E97F002229EB /* Constant.swift */,
			);
			path = AppBannerView;
			sourceTree = "<group>";
		};
		60C7C52E1BC68C7B00D0A6AE /* AppBannerViewTests */ = {
			isa = PBXGroup;
			children = (
				60C7C52F1BC68C7B00D0A6AE /* AppBannerViewTests.swift */,
				60C7C5311BC68C7B00D0A6AE /* Info.plist */,
			);
			path = AppBannerViewTests;
			sourceTree = "<group>";
		};
		60C7C5391BC68C7B00D0A6AE /* AppBannerViewUITests */ = {
			isa = PBXGroup;
			children = (
				60C7C53A1BC68C7B00D0A6AE /* AppBannerViewUITests.swift */,
				60C7C53C1BC68C7B00D0A6AE /* Info.plist */,
			);
			path = AppBannerViewUITests;
			sourceTree = "<group>";
		};
		60C7C5481BC68D0C00D0A6AE /* Framework */ = {
			isa = PBXGroup;
			children = (
				1DCC1C981BC7A57D00433859 /* MJRefresh */,
				1DCC1CC51BC7A57D00433859 /* SwiftyJSON */,
				60C7C5491BC68D7000D0A6AE /* SDWebImage */,
			);
			name = Framework;
			sourceTree = "<group>";
		};
		60C7C5491BC68D7000D0A6AE /* SDWebImage */ = {
			isa = PBXGroup;
			children = (
				60C7C54A1BC68D7000D0A6AE /* MKAnnotationView+WebCache.h */,
				60C7C54B1BC68D7000D0A6AE /* MKAnnotationView+WebCache.m */,
				60C7C54C1BC68D7000D0A6AE /* NSData+ImageContentType.h */,
				60C7C54D1BC68D7000D0A6AE /* NSData+ImageContentType.m */,
				60C7C54E1BC68D7000D0A6AE /* SDImageCache.h */,
				60C7C54F1BC68D7000D0A6AE /* SDImageCache.m */,
				60C7C5501BC68D7000D0A6AE /* SDWebImageCompat.h */,
				60C7C5511BC68D7000D0A6AE /* SDWebImageCompat.m */,
				60C7C5521BC68D7000D0A6AE /* SDWebImageDecoder.h */,
				60C7C5531BC68D7000D0A6AE /* SDWebImageDecoder.m */,
				60C7C5541BC68D7000D0A6AE /* SDWebImageDownloader.h */,
				60C7C5551BC68D7000D0A6AE /* SDWebImageDownloader.m */,
				60C7C5561BC68D7000D0A6AE /* SDWebImageDownloaderOperation.h */,
				60C7C5571BC68D7000D0A6AE /* SDWebImageDownloaderOperation.m */,
				60C7C5581BC68D7000D0A6AE /* SDWebImageManager.h */,
				60C7C5591BC68D7000D0A6AE /* SDWebImageManager.m */,
				60C7C55A1BC68D7000D0A6AE /* SDWebImageOperation.h */,
				60C7C55B1BC68D7000D0A6AE /* SDWebImagePrefetcher.h */,
				60C7C55C1BC68D7000D0A6AE /* SDWebImagePrefetcher.m */,
				60C7C55D1BC68D7000D0A6AE /* UIButton+WebCache.h */,
				60C7C55E1BC68D7000D0A6AE /* UIButton+WebCache.m */,
				60C7C55F1BC68D7000D0A6AE /* UIImage+GIF.h */,
				60C7C5601BC68D7000D0A6AE /* UIImage+GIF.m */,
				60C7C5611BC68D7000D0A6AE /* UIImage+MultiFormat.h */,
				60C7C5621BC68D7000D0A6AE /* UIImage+MultiFormat.m */,
				60C7C5631BC68D7000D0A6AE /* UIImage+WebP.h */,
				60C7C5641BC68D7000D0A6AE /* UIImage+WebP.m */,
				60C7C5651BC68D7000D0A6AE /* UIImageView+HighlightedWebCache.h */,
				60C7C5661BC68D7000D0A6AE /* UIImageView+HighlightedWebCache.m */,
				60C7C5671BC68D7000D0A6AE /* UIImageView+WebCache.h */,
				60C7C5681BC68D7000D0A6AE /* UIImageView+WebCache.m */,
				60C7C5691BC68D7000D0A6AE /* UIView+WebCacheOperation.h */,
				60C7C56A1BC68D7000D0A6AE /* UIView+WebCacheOperation.m */,
			);
			path = SDWebImage;
			sourceTree = "<group>";
		};
/* End PBXGroup section */

/* Begin PBXNativeTarget section */
		60C7C5161BC68C7B00D0A6AE /* AppBannerView */ = {
			isa = PBXNativeTarget;
			buildConfigurationList = 60C7C53F1BC68C7B00D0A6AE /* Build configuration list for PBXNativeTarget "AppBannerView" */;
			buildPhases = (
				60C7C5131BC68C7B00D0A6AE /* Sources */,
				60C7C5141BC68C7B00D0A6AE /* Frameworks */,
				60C7C5151BC68C7B00D0A6AE /* Resources */,
			);
			buildRules = (
			);
			dependencies = (
			);
			name = AppBannerView;
			productName = AppBannerView;
			productReference = 60C7C5171BC68C7B00D0A6AE /* AppBannerView.app */;
			productType = "com.apple.product-type.application";
		};
		60C7C52A1BC68C7B00D0A6AE /* AppBannerViewTests */ = {
			isa = PBXNativeTarget;
			buildConfigurationList = 60C7C5421BC68C7B00D0A6AE /* Build configuration list for PBXNativeTarget "AppBannerViewTests" */;
			buildPhases = (
				60C7C5271BC68C7B00D0A6AE /* Sources */,
				60C7C5281BC68C7B00D0A6AE /* Frameworks */,
				60C7C5291BC68C7B00D0A6AE /* Resources */,
			);
			buildRules = (
			);
			dependencies = (
				60C7C52D1BC68C7B00D0A6AE /* PBXTargetDependency */,
			);
			name = AppBannerViewTests;
			productName = AppBannerViewTests;
			productReference = 60C7C52B1BC68C7B00D0A6AE /* AppBannerViewTests.xctest */;
			productType = "com.apple.product-type.bundle.unit-test";
		};
		60C7C5351BC68C7B00D0A6AE /* AppBannerViewUITests */ = {
			isa = PBXNativeTarget;
			buildConfigurationList = 60C7C5451BC68C7B00D0A6AE /* Build configuration list for PBXNativeTarget "AppBannerViewUITests" */;
			buildPhases = (
				60C7C5321BC68C7B00D0A6AE /* Sources */,
				60C7C5331BC68C7B00D0A6AE /* Frameworks */,
				60C7C5341BC68C7B00D0A6AE /* Resources */,
			);
			buildRules = (
			);
			dependencies = (
				60C7C5381BC68C7B00D0A6AE /* PBXTargetDependency */,
			);
			name = AppBannerViewUITests;
			productName = AppBannerViewUITests;
			productReference = 60C7C5361BC68C7B00D0A6AE /* AppBannerViewUITests.xctest */;
			productType = "com.apple.product-type.bundle.ui-testing";
		};
/* End PBXNativeTarget section */

/* Begin PBXProject section */
		60C7C50F1BC68C7B00D0A6AE /* Project object */ = {
			isa = PBXProject;
			attributes = {
				LastUpgradeCheck = 0700;
				ORGANIZATIONNAME = lv;
				TargetAttributes = {
					60C7C5161BC68C7B00D0A6AE = {
						CreatedOnToolsVersion = 7.0;
					};
					60C7C52A1BC68C7B00D0A6AE = {
						CreatedOnToolsVersion = 7.0;
						TestTargetID = 60C7C5161BC68C7B00D0A6AE;
					};
					60C7C5351BC68C7B00D0A6AE = {
						CreatedOnToolsVersion = 7.0;
						TestTargetID = 60C7C5161BC68C7B00D0A6AE;
					};
				};
			};
			buildConfigurationList = 60C7C5121BC68C7B00D0A6AE /* Build configuration list for PBXProject "AppBannerView" */;
			compatibilityVersion = "Xcode 3.2";
			developmentRegion = English;
			hasScannedForEncodings = 0;
			knownRegions = (
				en,
				Base,
			);
			mainGroup = 60C7C50E1BC68C7B00D0A6AE;
			productRefGroup = 60C7C5181BC68C7B00D0A6AE /* Products */;
			projectDirPath = "";
			projectRoot = "";
			targets = (
				60C7C5161BC68C7B00D0A6AE /* AppBannerView */,
				60C7C52A1BC68C7B00D0A6AE /* AppBannerViewTests */,
				60C7C5351BC68C7B00D0A6AE /* AppBannerViewUITests */,
			);
		};
/* End PBXProject section */

/* Begin PBXResourcesBuildPhase section */
		60C7C5151BC68C7B00D0A6AE /* Resources */ = {
			isa = PBXResourcesBuildPhase;
			buildActionMask = 2147483647;
			files = (
				1DCC1CDE1BC7A5BD00433859 /* photo.json in Resources */,
				60C7C5251BC68C7B00D0A6AE /* LaunchScreen.storyboard in Resources */,
				60C7C5221BC68C7B00D0A6AE /* Assets.xcassets in Resources */,
				1D2E190B1BC8ECB1002229EB /* water.json in Resources */,
				1DCC1CD61BC7A57D00433859 /* MJRefresh.bundle in Resources */,
				60C7C5201BC68C7B00D0A6AE /* Main.storyboard in Resources */,
			);
			runOnlyForDeploymentPostprocessing = 0;
		};
		60C7C5291BC68C7B00D0A6AE /* Resources */ = {
			isa = PBXResourcesBuildPhase;
			buildActionMask = 2147483647;
			files = (
			);
			runOnlyForDeploymentPostprocessing = 0;
		};
		60C7C5341BC68C7B00D0A6AE /* Resources */ = {
			isa = PBXResourcesBuildPhase;
			buildActionMask = 2147483647;
			files = (
			);
			runOnlyForDeploymentPostprocessing = 0;
		};
/* End PBXResourcesBuildPhase section */

/* Begin PBXSourcesBuildPhase section */
		60C7C5131BC68C7B00D0A6AE /* Sources */ = {
			isa = PBXSourcesBuildPhase;
			buildActionMask = 2147483647;
			files = (
				1DCC1CD31BC7A57D00433859 /* MJRefreshGifHeader.m in Sources */,
				60C7C5751BC68D7000D0A6AE /* UIImage+GIF.m in Sources */,
				1D2E19091BC8E97F002229EB /* Constant.swift in Sources */,
				1D2E19071BC8E7C0002229EB /* String.swift in Sources */,
				1DCC1C971BC7A53C00433859 /* LooperViewController.swift in Sources */,
				1DCC1CCF1BC7A57D00433859 /* MJRefreshAutoStateFooter.m in Sources */,
				60C7C5701BC68D7000D0A6AE /* SDWebImageDownloader.m in Sources */,
				60C7C5781BC68D7000D0A6AE /* UIImageView+HighlightedWebCache.m in Sources */,
				1DCC1CE31BC7A7A500433859 /* WaterCollectionViewController.swift in Sources */,
				1DCC1CD11BC7A57D00433859 /* MJRefreshBackNormalFooter.m in Sources */,
				60C7C5741BC68D7000D0A6AE /* UIButton+WebCache.m in Sources */,
				1DCC1CD91BC7A57D00433859 /* UIScrollView+MJRefresh.m in Sources */,
				1DCC1CD81BC7A57D00433859 /* UIScrollView+MJExtension.m in Sources */,
				60C7C5791BC68D7000D0A6AE /* UIImageView+WebCache.m in Sources */,
				1DCC1CC91BC7A57D00433859 /* MJRefreshBackFooter.m in Sources */,
				60C7C56F1BC68D7000D0A6AE /* SDWebImageDecoder.m in Sources */,
				1DCC1CD01BC7A57D00433859 /* MJRefreshBackGifFooter.m in Sources */,
				60C7C57D1BC68E1200D0A6AE /* AppBannerView.swift in Sources */,
				1DCC1CD51BC7A57D00433859 /* MJRefreshStateHeader.m in Sources */,
				60C7C51D1BC68C7B00D0A6AE /* ViewController.swift in Sources */,
				1DCC1CEF1BC7B39600433859 /* WaterModel.swift in Sources */,
				60C7C56E1BC68D7000D0A6AE /* SDWebImageCompat.m in Sources */,
				60C7C51B1BC68C7B00D0A6AE /* AppDelegate.swift in Sources */,
				1DCC1CCA1BC7A57D00433859 /* MJRefreshComponent.m in Sources */,
				1DCC1CCC1BC7A57D00433859 /* MJRefreshHeader.m in Sources */,
				1DCC1CDB1BC7A57D00433859 /* SwiftyJSON.swift in Sources */,
				1DCC1C931BC7A48300433859 /* WaterFlowLayout.swift in Sources */,
				1DCC1CCD1BC7A57D00433859 /* MJRefreshAutoGifFooter.m in Sources */,
				60C7C5771BC68D7000D0A6AE /* UIImage+WebP.m in Sources */,
				1DCC1CEA1BC7AB6900433859 /* WaterCollectionViewCell.swift in Sources */,
				60C7C56C1BC68D7000D0A6AE /* NSData+ImageContentType.m in Sources */,
				60C7C5711BC68D7000D0A6AE /* SDWebImageDownloaderOperation.m in Sources */,
				60C7C5721BC68D7000D0A6AE /* SDWebImageManager.m in Sources */,
				1DCC1CD21BC7A57D00433859 /* MJRefreshBackStateFooter.m in Sources */,
				1DCC1CCE1BC7A57D00433859 /* MJRefreshAutoNormalFooter.m in Sources */,
				60C7C5761BC68D7000D0A6AE /* UIImage+MultiFormat.m in Sources */,
				1DCC1C921BC7A48300433859 /* LooperPhoto.swift in Sources */,
				1DCC1CDA1BC7A57D00433859 /* UIView+MJExtension.m in Sources */,
				1DCC1CC81BC7A57D00433859 /* MJRefreshAutoFooter.m in Sources */,
				1DCC1CD71BC7A57D00433859 /* MJRefreshConst.m in Sources */,
				1DCC1CCB1BC7A57D00433859 /* MJRefreshFooter.m in Sources */,
				60C7C5731BC68D7000D0A6AE /* SDWebImagePrefetcher.m in Sources */,
				1DCC1CD41BC7A57D00433859 /* MJRefreshNormalHeader.m in Sources */,
				60C7C56B1BC68D7000D0A6AE /* MKAnnotationView+WebCache.m in Sources */,
				60C7C57A1BC68D7000D0A6AE /* UIView+WebCacheOperation.m in Sources */,
				1DCC1CED1BC7B06600433859 /* WaterBaseModel.swift in Sources */,
				60C7C56D1BC68D7000D0A6AE /* SDImageCache.m in Sources */,
			);
			runOnlyForDeploymentPostprocessing = 0;
		};
		60C7C5271BC68C7B00D0A6AE /* Sources */ = {
			isa = PBXSourcesBuildPhase;
			buildActionMask = 2147483647;
			files = (
				60C7C5301BC68C7B00D0A6AE /* AppBannerViewTests.swift in Sources */,
			);
			runOnlyForDeploymentPostprocessing = 0;
		};
		60C7C5321BC68C7B00D0A6AE /* Sources */ = {
			isa = PBXSourcesBuildPhase;
			buildActionMask = 2147483647;
			files = (
				60C7C53B1BC68C7B00D0A6AE /* AppBannerViewUITests.swift in Sources */,
			);
			runOnlyForDeploymentPostprocessing = 0;
		};
/* End PBXSourcesBuildPhase section */

/* Begin PBXTargetDependency section */
		60C7C52D1BC68C7B00D0A6AE /* PBXTargetDependency */ = {
			isa = PBXTargetDependency;
			target = 60C7C5161BC68C7B00D0A6AE /* AppBannerView */;
			targetProxy = 60C7C52C1BC68C7B00D0A6AE /* PBXContainerItemProxy */;
		};
		60C7C5381BC68C7B00D0A6AE /* PBXTargetDependency */ = {
			isa = PBXTargetDependency;
			target = 60C7C5161BC68C7B00D0A6AE /* AppBannerView */;
			targetProxy = 60C7C5371BC68C7B00D0A6AE /* PBXContainerItemProxy */;
		};
/* End PBXTargetDependency section */

/* Begin PBXVariantGroup section */
		60C7C51E1BC68C7B00D0A6AE /* Main.storyboard */ = {
			isa = PBXVariantGroup;
			children = (
				60C7C51F1BC68C7B00D0A6AE /* Base */,
			);
			name = Main.storyboard;
			sourceTree = "<group>";
		};
		60C7C5231BC68C7B00D0A6AE /* LaunchScreen.storyboard */ = {
			isa = PBXVariantGroup;
			children = (
				60C7C5241BC68C7B00D0A6AE /* Base */,
			);
			name = LaunchScreen.storyboard;
			sourceTree = "<group>";
		};
/* End PBXVariantGroup section */

/* Begin XCBuildConfiguration section */
		60C7C53D1BC68C7B00D0A6AE /* Debug */ = {
			isa = XCBuildConfiguration;
			buildSettings = {
				ALWAYS_SEARCH_USER_PATHS = NO;
				CLANG_CXX_LANGUAGE_STANDARD = "gnu++0x";
				CLANG_CXX_LIBRARY = "libc++";
				CLANG_ENABLE_MODULES = YES;
				CLANG_ENABLE_OBJC_ARC = YES;
				CLANG_WARN_BOOL_CONVERSION = YES;
				CLANG_WARN_CONSTANT_CONVERSION = YES;
				CLANG_WARN_DIRECT_OBJC_ISA_USAGE = YES_ERROR;
				CLANG_WARN_EMPTY_BODY = YES;
				CLANG_WARN_ENUM_CONVERSION = YES;
				CLANG_WARN_INT_CONVERSION = YES;
				CLANG_WARN_OBJC_ROOT_CLASS = YES_ERROR;
				CLANG_WARN_UNREACHABLE_CODE = YES;
				CLANG_WARN__DUPLICATE_METHOD_MATCH = YES;
				"CODE_SIGN_IDENTITY[sdk=iphoneos*]" = "iPhone Developer";
				COPY_PHASE_STRIP = NO;
				DEBUG_INFORMATION_FORMAT = dwarf;
				ENABLE_STRICT_OBJC_MSGSEND = YES;
				ENABLE_TESTABILITY = YES;
				GCC_C_LANGUAGE_STANDARD = gnu99;
				GCC_DYNAMIC_NO_PIC = NO;
				GCC_NO_COMMON_BLOCKS = YES;
				GCC_OPTIMIZATION_LEVEL = 0;
				GCC_PREPROCESSOR_DEFINITIONS = (
					"DEBUG=1",
					"$(inherited)",
				);
				GCC_WARN_64_TO_32_BIT_CONVERSION = YES;
				GCC_WARN_ABOUT_RETURN_TYPE = YES_ERROR;
				GCC_WARN_UNDECLARED_SELECTOR = YES;
				GCC_WARN_UNINITIALIZED_AUTOS = YES_AGGRESSIVE;
				GCC_WARN_UNUSED_FUNCTION = YES;
				GCC_WARN_UNUSED_VARIABLE = YES;
				IPHONEOS_DEPLOYMENT_TARGET = 9.0;
				MTL_ENABLE_DEBUG_INFO = YES;
				ONLY_ACTIVE_ARCH = YES;
				SDKROOT = iphoneos;
				SWIFT_OPTIMIZATION_LEVEL = "-Onone";
			};
			name = Debug;
		};
		60C7C53E1BC68C7B00D0A6AE /* Release */ = {
			isa = XCBuildConfiguration;
			buildSettings = {
				ALWAYS_SEARCH_USER_PATHS = NO;
				CLANG_CXX_LANGUAGE_STANDARD = "gnu++0x";
				CLANG_CXX_LIBRARY = "libc++";
				CLANG_ENABLE_MODULES = YES;
				CLANG_ENABLE_OBJC_ARC = YES;
				CLANG_WARN_BOOL_CONVERSION = YES;
				CLANG_WARN_CONSTANT_CONVERSION = YES;
				CLANG_WARN_DIRECT_OBJC_ISA_USAGE = YES_ERROR;
				CLANG_WARN_EMPTY_BODY = YES;
				CLANG_WARN_ENUM_CONVERSION = YES;
				CLANG_WARN_INT_CONVERSION = YES;
				CLANG_WARN_OBJC_ROOT_CLASS = YES_ERROR;
				CLANG_WARN_UNREACHABLE_CODE = YES;
				CLANG_WARN__DUPLICATE_METHOD_MATCH = YES;
				"CODE_SIGN_IDENTITY[sdk=iphoneos*]" = "iPhone Developer";
				COPY_PHASE_STRIP = NO;
				DEBUG_INFORMATION_FORMAT = "dwarf-with-dsym";
				ENABLE_NS_ASSERTIONS = NO;
				ENABLE_STRICT_OBJC_MSGSEND = YES;
				GCC_C_LANGUAGE_STANDARD = gnu99;
				GCC_NO_COMMON_BLOCKS = YES;
				GCC_WARN_64_TO_32_BIT_CONVERSION = YES;
				GCC_WARN_ABOUT_RETURN_TYPE = YES_ERROR;
				GCC_WARN_UNDECLARED_SELECTOR = YES;
				GCC_WARN_UNINITIALIZED_AUTOS = YES_AGGRESSIVE;
				GCC_WARN_UNUSED_FUNCTION = YES;
				GCC_WARN_UNUSED_VARIABLE = YES;
				IPHONEOS_DEPLOYMENT_TARGET = 9.0;
				MTL_ENABLE_DEBUG_INFO = NO;
				SDKROOT = iphoneos;
				VALIDATE_PRODUCT = YES;
			};
			name = Release;
		};
		60C7C5401BC68C7B00D0A6AE /* Debug */ = {
			isa = XCBuildConfiguration;
			buildSettings = {
				ASSETCATALOG_COMPILER_APPICON_NAME = AppIcon;
				INFOPLIST_FILE = AppBannerView/Info.plist;
				LD_RUNPATH_SEARCH_PATHS = "$(inherited) @executable_path/Frameworks";
				PRODUCT_BUNDLE_IDENTIFIER = cn.com.AppBannerView;
				PRODUCT_NAME = "$(TARGET_NAME)";
				SWIFT_OBJC_BRIDGING_HEADER = "AppBannerView/app-bridging-header.h";
			};
			name = Debug;
		};
		60C7C5411BC68C7B00D0A6AE /* Release */ = {
			isa = XCBuildConfiguration;
			buildSettings = {
				ASSETCATALOG_COMPILER_APPICON_NAME = AppIcon;
				INFOPLIST_FILE = AppBannerView/Info.plist;
				LD_RUNPATH_SEARCH_PATHS = "$(inherited) @executable_path/Frameworks";
				PRODUCT_BUNDLE_IDENTIFIER = cn.com.AppBannerView;
				PRODUCT_NAME = "$(TARGET_NAME)";
				SWIFT_OBJC_BRIDGING_HEADER = "AppBannerView/app-bridging-header.h";
			};
			name = Release;
		};
		60C7C5431BC68C7B00D0A6AE /* Debug */ = {
			isa = XCBuildConfiguration;
			buildSettings = {
				BUNDLE_LOADER = "$(TEST_HOST)";
				INFOPLIST_FILE = AppBannerViewTests/Info.plist;
				LD_RUNPATH_SEARCH_PATHS = "$(inherited) @executable_path/Frameworks @loader_path/Frameworks";
				PRODUCT_BUNDLE_IDENTIFIER = cn.com.AppBannerViewTests;
				PRODUCT_NAME = "$(TARGET_NAME)";
				TEST_HOST = "$(BUILT_PRODUCTS_DIR)/AppBannerView.app/AppBannerView";
			};
			name = Debug;
		};
		60C7C5441BC68C7B00D0A6AE /* Release */ = {
			isa = XCBuildConfiguration;
			buildSettings = {
				BUNDLE_LOADER = "$(TEST_HOST)";
				INFOPLIST_FILE = AppBannerViewTests/Info.plist;
				LD_RUNPATH_SEARCH_PATHS = "$(inherited) @executable_path/Frameworks @loader_path/Frameworks";
				PRODUCT_BUNDLE_IDENTIFIER = cn.com.AppBannerViewTests;
				PRODUCT_NAME = "$(TARGET_NAME)";
				TEST_HOST = "$(BUILT_PRODUCTS_DIR)/AppBannerView.app/AppBannerView";
			};
			name = Release;
		};
		60C7C5461BC68C7B00D0A6AE /* Debug */ = {
			isa = XCBuildConfiguration;
			buildSettings = {
				INFOPLIST_FILE = AppBannerViewUITests/Info.plist;
				LD_RUNPATH_SEARCH_PATHS = "$(inherited) @executable_path/Frameworks @loader_path/Frameworks";
				PRODUCT_BUNDLE_IDENTIFIER = cn.com.AppBannerViewUITests;
				PRODUCT_NAME = "$(TARGET_NAME)";
				TEST_TARGET_NAME = AppBannerView;
				USES_XCTRUNNER = YES;
			};
			name = Debug;
		};
		60C7C5471BC68C7B00D0A6AE /* Release */ = {
			isa = XCBuildConfiguration;
			buildSettings = {
				INFOPLIST_FILE = AppBannerViewUITests/Info.plist;
				LD_RUNPATH_SEARCH_PATHS = "$(inherited) @executable_path/Frameworks @loader_path/Frameworks";
				PRODUCT_BUNDLE_IDENTIFIER = cn.com.AppBannerViewUITests;
				PRODUCT_NAME = "$(TARGET_NAME)";
				TEST_TARGET_NAME = AppBannerView;
				USES_XCTRUNNER = YES;
			};
			name = Release;
		};
/* End XCBuildConfiguration section */

/* Begin XCConfigurationList section */
		60C7C5121BC68C7B00D0A6AE /* Build configuration list for PBXProject "AppBannerView" */ = {
			isa = XCConfigurationList;
			buildConfigurations = (
				60C7C53D1BC68C7B00D0A6AE /* Debug */,
				60C7C53E1BC68C7B00D0A6AE /* Release */,
			);
			defaultConfigurationIsVisible = 0;
			defaultConfigurationName = Release;
		};
		60C7C53F1BC68C7B00D0A6AE /* Build configuration list for PBXNativeTarget "AppBannerView" */ = {
			isa = XCConfigurationList;
			buildConfigurations = (
				60C7C5401BC68C7B00D0A6AE /* Debug */,
				60C7C5411BC68C7B00D0A6AE /* Release */,
			);
			defaultConfigurationIsVisible = 0;
			defaultConfigurationName = Release;
		};
		60C7C5421BC68C7B00D0A6AE /* Build configuration list for PBXNativeTarget "AppBannerViewTests" */ = {
			isa = XCConfigurationList;
			buildConfigurations = (
				60C7C5431BC68C7B00D0A6AE /* Debug */,
				60C7C5441BC68C7B00D0A6AE /* Release */,
			);
			defaultConfigurationIsVisible = 0;
			defaultConfigurationName = Release;
		};
		60C7C5451BC68C7B00D0A6AE /* Build configuration list for PBXNativeTarget "AppBannerViewUITests" */ = {
			isa = XCConfigurationList;
			buildConfigurations = (
				60C7C5461BC68C7B00D0A6AE /* Debug */,
				60C7C5471BC68C7B00D0A6AE /* Release */,
			);
			defaultConfigurationIsVisible = 0;
			defaultConfigurationName = Release;
		};
/* End XCConfigurationList section */
	};
	rootObject = 60C7C50F1BC68C7B00D0A6AE /* Project object */;
}
